
Microsoft Visual Studio Solution File, Format Version 12.00
# Visual Studio 15
VisualStudioVersion = 15.0.28307.757
MinimumVisualStudioVersion = 10.0.40219.1
Project("{FAE04EC0-301F-11D3-BF4B-00C04F79EFBC}") = "DelegatesSample", "DelegatesSample\DelegatesSample.csproj", "{2AFC818C-69DD-47EF-9D35-4D1E81A3B5D5}"
EndProject
Global
	GlobalSection(SolutionConfigurationPlatforms) = preSolution
		Debug|Any CPU = Debug|Any CPU
		Release|Any CPU = Release|Any CPU
	EndGlobalSection
	GlobalSection(ProjectConfigurationPlatforms) = postSolution
		{2AFC818C-69DD-47EF-9D35-4D1E81A3B5D5}.Debug|Any CPU.ActiveCfg = Debug|Any CPU
		{2AFC818C-69DD-47EF-9D35-4D1E81A3B5D5}.Debug|Any CPU.Build.0 = Debug|Any CPU
		{2AFC818C-69DD-47EF-9D35-4D1E81A3B5D5}.Release|Any CPU.ActiveCfg = Release|Any CPU
		{2AFC818C-69DD-47EF-9D35-4D1E81A3B5D5}.Release|Any CPU.Build.0 = Release|Any CPU
	EndGlobalSection
	GlobalSection(SolutionProperties) = preSolution
		HideSolutionNode = FALSE
	EndGlobalSection
	GlobalSection(ExtensibilityGlobals) = postSolution
		SolutionGuid = {D5D5183C-DADC-46E6-9A50-01ED61307D55}
	EndGlobalSection
EndGlobal
