
Microsoft Visual Studio Solution File, Format Version 12.00
# Visual Studio 15
VisualStudioVersion = 15.0.28307.757
MinimumVisualStudioVersion = 10.0.40219.1
Project("{FAE04EC0-301F-11D3-BF4B-00C04F79EFBC}") = "LiskovSubstitution", "LiskovSubstitution\LiskovSubstitution.csproj", "{CC3BB867-6CF4-4A3C-B87E-F67B9887B192}"
EndProject
Global
	GlobalSection(SolutionConfigurationPlatforms) = preSolution
		Debug|Any CPU = Debug|Any CPU
		Release|Any CPU = Release|Any CPU
	EndGlobalSection
	GlobalSection(ProjectConfigurationPlatforms) = postSolution
		{CC3BB867-6CF4-4A3C-B87E-F67B9887B192}.Debug|Any CPU.ActiveCfg = Debug|Any CPU
		{CC3BB867-6CF4-4A3C-B87E-F67B9887B192}.Debug|Any CPU.Build.0 = Debug|Any CPU
		{CC3BB867-6CF4-4A3C-B87E-F67B9887B192}.Release|Any CPU.ActiveCfg = Release|Any CPU
		{CC3BB867-6CF4-4A3C-B87E-F67B9887B192}.Release|Any CPU.Build.0 = Release|Any CPU
	EndGlobalSection
	GlobalSection(SolutionProperties) = preSolution
		HideSolutionNode = FALSE
	EndGlobalSection
	GlobalSection(ExtensibilityGlobals) = postSolution
		SolutionGuid = {7CD66B7C-4D21-4957-BF54-C77A5BD64CC3}
	EndGlobalSection
EndGlobal
