
Microsoft Visual Studio Solution File, Format Version 12.00
# Visual Studio 15
VisualStudioVersion = 15.0.28307.705
MinimumVisualStudioVersion = 10.0.40219.1
Project("{FAE04EC0-301F-11D3-BF4B-00C04F79EFBC}") = "IOSystemSamples", "IOSystemSamples\IOSystemSamples.csproj", "{FACF06C7-E567-43CB-82CA-B196DB965E38}"
EndProject
Global
	GlobalSection(SolutionConfigurationPlatforms) = preSolution
		Debug|Any CPU = Debug|Any CPU
		Release|Any CPU = Release|Any CPU
	EndGlobalSection
	GlobalSection(ProjectConfigurationPlatforms) = postSolution
		{FACF06C7-E567-43CB-82CA-B196DB965E38}.Debug|Any CPU.ActiveCfg = Debug|Any CPU
		{FACF06C7-E567-43CB-82CA-B196DB965E38}.Debug|Any CPU.Build.0 = Debug|Any CPU
		{FACF06C7-E567-43CB-82CA-B196DB965E38}.Release|Any CPU.ActiveCfg = Release|Any CPU
		{FACF06C7-E567-43CB-82CA-B196DB965E38}.Release|Any CPU.Build.0 = Release|Any CPU
	EndGlobalSection
	GlobalSection(SolutionProperties) = preSolution
		HideSolutionNode = FALSE
	EndGlobalSection
	GlobalSection(ExtensibilityGlobals) = postSolution
		SolutionGuid = {C7E2CDA9-D66C-4C69-B44A-95E581D2B560}
	EndGlobalSection
EndGlobal
